dependencies:
- name: keycloak
  repository: https://charts.bitnami.com/bitnami
  version: 12.2.0
- name: postgresql
  repository: https://charts.bitnami.com/bitnami
  version: 12.1.3
digest: sha256:0b00ca824be0c90add5f658b67ce3deefbeb32d0f606107a4019edbd11dc6410
generated: "2022-12-08T15:35:25.2508072-06:00"
